
Microsoft Visual Studio Solution File, Format Version 12.00
# Visual Studio Version 17
VisualStudioVersion = 17.1.32319.34
MinimumVisualStudioVersion = 10.0.40219.1
Project("{9A19103F-16F7-4668-BE54-9A1E7A4F7556}") = "mprCopyCropBox", "mprCopyCropBox\mprCopyCropBox.csproj", "{A06B594D-CC11-49E4-99E6-C193509C1A34}"
EndProject
Project("{9A19103F-16F7-4668-BE54-9A1E7A4F7556}") = "_build", "build\_build.csproj", "{AC02069E-7658-4663-A8E5-4F068D885353}"
EndProject
Global
	GlobalSection(SolutionConfigurationPlatforms) = preSolution
		Debug|x64 = Debug|x64
		R2017|x64 = R2017|x64
		R2018|x64 = R2018|x64
		R2019|x64 = R2019|x64
		R2020|x64 = R2020|x64
		R2021|x64 = R2021|x64
		R2022|x64 = R2022|x64
		R2023|x64 = R2023|x64
	EndGlobalSection
	GlobalSection(ProjectConfigurationPlatforms) = postSolution
		{A06B594D-CC11-49E4-99E6-C193509C1A34}.Debug|x64.ActiveCfg = Debug|x64
		{A06B594D-CC11-49E4-99E6-C193509C1A34}.Debug|x64.Build.0 = Debug|x64
		{A06B594D-CC11-49E4-99E6-C193509C1A34}.R2017|x64.ActiveCfg = R2017|x64
		{A06B594D-CC11-49E4-99E6-C193509C1A34}.R2017|x64.Build.0 = R2017|x64
		{A06B594D-CC11-49E4-99E6-C193509C1A34}.R2018|x64.ActiveCfg = R2018|x64
		{A06B594D-CC11-49E4-99E6-C193509C1A34}.R2018|x64.Build.0 = R2018|x64
		{A06B594D-CC11-49E4-99E6-C193509C1A34}.R2019|x64.ActiveCfg = R2019|x64
		{A06B594D-CC11-49E4-99E6-C193509C1A34}.R2019|x64.Build.0 = R2019|x64
		{A06B594D-CC11-49E4-99E6-C193509C1A34}.R2020|x64.ActiveCfg = R2020|x64
		{A06B594D-CC11-49E4-99E6-C193509C1A34}.R2020|x64.Build.0 = R2020|x64
		{A06B594D-CC11-49E4-99E6-C193509C1A34}.R2021|x64.ActiveCfg = R2021|x64
		{A06B594D-CC11-49E4-99E6-C193509C1A34}.R2021|x64.Build.0 = R2021|x64
		{A06B594D-CC11-49E4-99E6-C193509C1A34}.R2022|x64.ActiveCfg = R2022|x64
		{A06B594D-CC11-49E4-99E6-C193509C1A34}.R2022|x64.Build.0 = R2022|x64
		{A06B594D-CC11-49E4-99E6-C193509C1A34}.R2023|x64.ActiveCfg = R2023|x64
		{A06B594D-CC11-49E4-99E6-C193509C1A34}.R2023|x64.Build.0 = R2023|x64
		{AC02069E-7658-4663-A8E5-4F068D885353}.Debug|x64.ActiveCfg = Debug|Any CPU
		{AC02069E-7658-4663-A8E5-4F068D885353}.Debug|x64.Build.0 = Debug|Any CPU
		{AC02069E-7658-4663-A8E5-4F068D885353}.R2017|x64.ActiveCfg = Release|Any CPU
		{AC02069E-7658-4663-A8E5-4F068D885353}.R2017|x64.Build.0 = Release|Any CPU
		{AC02069E-7658-4663-A8E5-4F068D885353}.R2018|x64.ActiveCfg = Release|Any CPU
		{AC02069E-7658-4663-A8E5-4F068D885353}.R2018|x64.Build.0 = Release|Any CPU
		{AC02069E-7658-4663-A8E5-4F068D885353}.R2019|x64.ActiveCfg = Release|Any CPU
		{AC02069E-7658-4663-A8E5-4F068D885353}.R2019|x64.Build.0 = Release|Any CPU
		{AC02069E-7658-4663-A8E5-4F068D885353}.R2020|x64.ActiveCfg = Release|Any CPU
		{AC02069E-7658-4663-A8E5-4F068D885353}.R2020|x64.Build.0 = Release|Any CPU
		{AC02069E-7658-4663-A8E5-4F068D885353}.R2021|x64.ActiveCfg = Release|Any CPU
		{AC02069E-7658-4663-A8E5-4F068D885353}.R2021|x64.Build.0 = Release|Any CPU
		{AC02069E-7658-4663-A8E5-4F068D885353}.R2022|x64.ActiveCfg = Release|Any CPU
		{AC02069E-7658-4663-A8E5-4F068D885353}.R2022|x64.Build.0 = Release|Any CPU
		{AC02069E-7658-4663-A8E5-4F068D885353}.R2023|x64.ActiveCfg = Release|Any CPU
		{AC02069E-7658-4663-A8E5-4F068D885353}.R2023|x64.Build.0 = Release|Any CPU
	EndGlobalSection
	GlobalSection(SolutionProperties) = preSolution
		HideSolutionNode = FALSE
	EndGlobalSection
	GlobalSection(ExtensibilityGlobals) = postSolution
		SolutionGuid = {0F8246BD-5B5E-443A-AE08-1AB7575D309C}
	EndGlobalSection
EndGlobal
